
Microsoft Visual Studio Solution File, Format Version 12.00
Project("{FAE04EC0-301F-11D3-BF4B-00C04F79EFBC}") = "WebRtcMediaSender", "webrtc-media-sender\WebRtcMediaSender.csproj", "{BA1DC683-224E-472D-9C3F-C457AC000FA8}"
EndProject
Global
	GlobalSection(SolutionConfigurationPlatforms) = preSolution
		Debug|Any CPU = Debug|Any CPU
		Release|Any CPU = Release|Any CPU
	EndGlobalSection
	GlobalSection(ProjectConfigurationPlatforms) = postSolution
		{BA1DC683-224E-472D-9C3F-C457AC000FA8}.Debug|Any CPU.ActiveCfg = Debug|Any CPU
		{BA1DC683-224E-472D-9C3F-C457AC000FA8}.Debug|Any CPU.Build.0 = Debug|Any CPU
		{BA1DC683-224E-472D-9C3F-C457AC000FA8}.Release|Any CPU.ActiveCfg = Release|Any CPU
		{BA1DC683-224E-472D-9C3F-C457AC000FA8}.Release|Any CPU.Build.0 = Release|Any CPU
	EndGlobalSection
EndGlobal
